
Microsoft Visual Studio Solution File, Format Version 12.00
# Visual Studio Version 16
VisualStudioVersion = 16.0.31729.503
MinimumVisualStudioVersion = 10.0.40219.1
Project("{FAE04EC0-301F-11D3-BF4B-00C04F79EFBC}") = "projectapp", "projectapp\projectapp.csproj", "{F99D7D40-9B08-41EB-9D3A-66E922D054A2}"
EndProject
Project("{FAE04EC0-301F-11D3-BF4B-00C04F79EFBC}") = "Entities", "Entities\Entities.csproj", "{310804A5-4967-4668-985F-65AA1DE63AE1}"
EndProject
Project("{FAE04EC0-301F-11D3-BF4B-00C04F79EFBC}") = "DataAccess", "DataAccess\DataAccess.csproj", "{C66608C1-F1FB-4C39-A789-8C282EBFB603}"
EndProject
Project("{FAE04EC0-301F-11D3-BF4B-00C04F79EFBC}") = "Business", "Business\Business.csproj", "{F2DFA32E-F540-4880-A590-B9B7310EA46F}"
EndProject
Project("{FAE04EC0-301F-11D3-BF4B-00C04F79EFBC}") = "Utilies", "Utilies\Utilies.csproj", "{CEB25708-D049-4A1B-A9E9-279A8D9CC1F0}"
EndProject
Global
	GlobalSection(SolutionConfigurationPlatforms) = preSolution
		Debug|Any CPU = Debug|Any CPU
		Release|Any CPU = Release|Any CPU
	EndGlobalSection
	GlobalSection(ProjectConfigurationPlatforms) = postSolution
		{F99D7D40-9B08-41EB-9D3A-66E922D054A2}.Debug|Any CPU.ActiveCfg = Debug|Any CPU
		{F99D7D40-9B08-41EB-9D3A-66E922D054A2}.Debug|Any CPU.Build.0 = Debug|Any CPU
		{F99D7D40-9B08-41EB-9D3A-66E922D054A2}.Release|Any CPU.ActiveCfg = Release|Any CPU
		{F99D7D40-9B08-41EB-9D3A-66E922D054A2}.Release|Any CPU.Build.0 = Release|Any CPU
		{310804A5-4967-4668-985F-65AA1DE63AE1}.Debug|Any CPU.ActiveCfg = Debug|Any CPU
		{310804A5-4967-4668-985F-65AA1DE63AE1}.Debug|Any CPU.Build.0 = Debug|Any CPU
		{310804A5-4967-4668-985F-65AA1DE63AE1}.Release|Any CPU.ActiveCfg = Release|Any CPU
		{310804A5-4967-4668-985F-65AA1DE63AE1}.Release|Any CPU.Build.0 = Release|Any CPU
		{C66608C1-F1FB-4C39-A789-8C282EBFB603}.Debug|Any CPU.ActiveCfg = Debug|Any CPU
		{C66608C1-F1FB-4C39-A789-8C282EBFB603}.Debug|Any CPU.Build.0 = Debug|Any CPU
		{C66608C1-F1FB-4C39-A789-8C282EBFB603}.Release|Any CPU.ActiveCfg = Release|Any CPU
		{C66608C1-F1FB-4C39-A789-8C282EBFB603}.Release|Any CPU.Build.0 = Release|Any CPU
		{F2DFA32E-F540-4880-A590-B9B7310EA46F}.Debug|Any CPU.ActiveCfg = Debug|Any CPU
		{F2DFA32E-F540-4880-A590-B9B7310EA46F}.Debug|Any CPU.Build.0 = Debug|Any CPU
		{F2DFA32E-F540-4880-A590-B9B7310EA46F}.Release|Any CPU.ActiveCfg = Release|Any CPU
		{F2DFA32E-F540-4880-A590-B9B7310EA46F}.Release|Any CPU.Build.0 = Release|Any CPU
		{CEB25708-D049-4A1B-A9E9-279A8D9CC1F0}.Debug|Any CPU.ActiveCfg = Debug|Any CPU
		{CEB25708-D049-4A1B-A9E9-279A8D9CC1F0}.Debug|Any CPU.Build.0 = Debug|Any CPU
		{CEB25708-D049-4A1B-A9E9-279A8D9CC1F0}.Release|Any CPU.ActiveCfg = Release|Any CPU
		{CEB25708-D049-4A1B-A9E9-279A8D9CC1F0}.Release|Any CPU.Build.0 = Release|Any CPU
	EndGlobalSection
	GlobalSection(SolutionProperties) = preSolution
		HideSolutionNode = FALSE
	EndGlobalSection
	GlobalSection(ExtensibilityGlobals) = postSolution
		SolutionGuid = {BC684B34-AA33-4591-AD17-EFC59CDA08AA}
	EndGlobalSection
EndGlobal
